
Microsoft Visual Studio Solution File, Format Version 12.00
# Visual Studio Version 16
VisualStudioVersion = 16.0.31424.327
MinimumVisualStudioVersion = 10.0.40219.1
Project("{9A19103F-16F7-4668-BE54-9A1E7A4F7556}") = "ConsoleAppJenkins", "ConsoleAppJenkins\ConsoleAppJenkins.csproj", "{62D0A907-D4A6-45F7-B666-45044B022543}"
	ProjectSection(ProjectDependencies) = postProject
		{ED4158D7-1C60-4450-89ED-BFBFEFFBD7FB} = {ED4158D7-1C60-4450-89ED-BFBFEFFBD7FB}
	EndProjectSection
EndProject
Project("{FAE04EC0-301F-11D3-BF4B-00C04F79EFBC}") = "Lib", "Lib\Lib.csproj", "{ED4158D7-1C60-4450-89ED-BFBFEFFBD7FB}"
EndProject
Project("{FAE04EC0-301F-11D3-BF4B-00C04F79EFBC}") = "TestProject", "TestProject\TestProject.csproj", "{4CB7247F-6BF7-4148-B09A-D75BC785CBB4}"
EndProject
Project("{FAE04EC0-301F-11D3-BF4B-00C04F79EFBC}") = "WebApplicationJenkins", "WebApplicationJenkins\WebApplicationJenkins.csproj", "{35CC6ABC-48BC-4C4E-B7D6-962408EE8F5C}"
EndProject
Global
	GlobalSection(SolutionConfigurationPlatforms) = preSolution
		Debug|Any CPU = Debug|Any CPU
		Release|Any CPU = Release|Any CPU
	EndGlobalSection
	GlobalSection(ProjectConfigurationPlatforms) = postSolution
		{62D0A907-D4A6-45F7-B666-45044B022543}.Debug|Any CPU.ActiveCfg = Debug|Any CPU
		{62D0A907-D4A6-45F7-B666-45044B022543}.Debug|Any CPU.Build.0 = Debug|Any CPU
		{62D0A907-D4A6-45F7-B666-45044B022543}.Release|Any CPU.ActiveCfg = Release|Any CPU
		{62D0A907-D4A6-45F7-B666-45044B022543}.Release|Any CPU.Build.0 = Release|Any CPU
		{ED4158D7-1C60-4450-89ED-BFBFEFFBD7FB}.Debug|Any CPU.ActiveCfg = Debug|Any CPU
		{ED4158D7-1C60-4450-89ED-BFBFEFFBD7FB}.Debug|Any CPU.Build.0 = Debug|Any CPU
		{ED4158D7-1C60-4450-89ED-BFBFEFFBD7FB}.Release|Any CPU.ActiveCfg = Release|Any CPU
		{ED4158D7-1C60-4450-89ED-BFBFEFFBD7FB}.Release|Any CPU.Build.0 = Release|Any CPU
		{4CB7247F-6BF7-4148-B09A-D75BC785CBB4}.Debug|Any CPU.ActiveCfg = Debug|Any CPU
		{4CB7247F-6BF7-4148-B09A-D75BC785CBB4}.Debug|Any CPU.Build.0 = Debug|Any CPU
		{4CB7247F-6BF7-4148-B09A-D75BC785CBB4}.Release|Any CPU.ActiveCfg = Release|Any CPU
		{4CB7247F-6BF7-4148-B09A-D75BC785CBB4}.Release|Any CPU.Build.0 = Release|Any CPU
		{35CC6ABC-48BC-4C4E-B7D6-962408EE8F5C}.Debug|Any CPU.ActiveCfg = Debug|Any CPU
		{35CC6ABC-48BC-4C4E-B7D6-962408EE8F5C}.Debug|Any CPU.Build.0 = Debug|Any CPU
		{35CC6ABC-48BC-4C4E-B7D6-962408EE8F5C}.Release|Any CPU.ActiveCfg = Release|Any CPU
		{35CC6ABC-48BC-4C4E-B7D6-962408EE8F5C}.Release|Any CPU.Build.0 = Release|Any CPU
	EndGlobalSection
	GlobalSection(SolutionProperties) = preSolution
		HideSolutionNode = FALSE
	EndGlobalSection
	GlobalSection(ExtensibilityGlobals) = postSolution
		SolutionGuid = {EB76B30F-077A-4008-9250-563E6EA8E200}
	EndGlobalSection
EndGlobal
